// !$*UTF8*$!
{
	archiveVersion = 1;
	classes = {
	};
	objectVersion = 46;
	objects = {

/* Begin PBXBuildFile section */
		051F9E071809FCB600289510 /* appSpeci.mm in Sources */ = {isa = PBXBuildFile; fileRef = 051F9E061809FCB600289510 /* appSpeci.mm */; };
		0598030418095D4C000E9157 /* list.cpp in Sources */ = {isa = PBXBuildFile; fileRef = 0598030218095D4C000E9157 /* list.cpp */; };
		0598486417EE906F008EEB70 /* MyView.m in Sources */ = {isa = PBXBuildFile; fileRef = 0598486317EE906F008EEB70 /* MyView.m */; };
		05A21B7918109E5900F512A6 /* vector.cpp in Sources */ = {isa = PBXBuildFile; fileRef = 05A21B7818109E5900F512A6 /* vector.cpp */; };
		05AD7D6017EDAA5A006391A3 /* Cocoa.framework in Frameworks */ = {isa = PBXBuildFile; fileRef = 05AD7D5F17EDAA5A006391A3 /* Cocoa.framework */; };
		05AD7D6A17EDAA5A006391A3 /* InfoPlist.strings in Resources */ = {isa = PBXBuildFile; fileRef = 05AD7D6817EDAA5A006391A3 /* InfoPlist.strings */; };
		05AD7D6C17EDAA5A006391A3 /* main.m in Sources */ = {isa = PBXBuildFile; fileRef = 05AD7D6B17EDAA5A006391A3 /* main.m */; };
		05AD7D7017EDAA5A006391A3 /* Credits.rtf in Resources */ = {isa = PBXBuildFile; fileRef = 05AD7D6E17EDAA5A006391A3 /* Credits.rtf */; };
		05AD7D7317EDAA5A006391A3 /* Document.m in Sources */ = {isa = PBXBuildFile; fileRef = 05AD7D7217EDAA5A006391A3 /* Document.m */; };
		05AD7D7617EDAA5A006391A3 /* Document.xib in Resources */ = {isa = PBXBuildFile; fileRef = 05AD7D7417EDAA5A006391A3 /* Document.xib */; };
		05AD7D7917EDAA5A006391A3 /* MainMenu.xib in Resources */ = {isa = PBXBuildFile; fileRef = 05AD7D7717EDAA5A006391A3 /* MainMenu.xib */; };
		05AD7D7B17EDAA5A006391A3 /* Images.xcassets in Resources */ = {isa = PBXBuildFile; fileRef = 05AD7D7A17EDAA5A006391A3 /* Images.xcassets */; };
		05AD7D8217EDAA5A006391A3 /* XCTest.framework in Frameworks */ = {isa = PBXBuildFile; fileRef = 05AD7D8117EDAA5A006391A3 /* XCTest.framework */; };
		05AD7D8317EDAA5A006391A3 /* Cocoa.framework in Frameworks */ = {isa = PBXBuildFile; fileRef = 05AD7D5F17EDAA5A006391A3 /* Cocoa.framework */; };
		05AD7D8B17EDAA5A006391A3 /* InfoPlist.strings in Resources */ = {isa = PBXBuildFile; fileRef = 05AD7D8917EDAA5A006391A3 /* InfoPlist.strings */; };
		05AD7D8D17EDAA5A006391A3 /* frontTests.m in Sources */ = {isa = PBXBuildFile; fileRef = 05AD7D8C17EDAA5A006391A3 /* frontTests.m */; };
		05FF81C5180B7DF6002B4ACF /* value.cpp in Sources */ = {isa = PBXBuildFile; fileRef = 05FF81C4180B7DF6002B4ACF /* value.cpp */; };
/* End PBXBuildFile section */

/* Begin PBXContainerItemProxy section */
		05AD7D8417EDAA5A006391A3 /* PBXContainerItemProxy */ = {
			isa = PBXContainerItemProxy;
			containerPortal = 05AD7D5417EDAA5A006391A3 /* Project object */;
			proxyType = 1;
			remoteGlobalIDString = 05AD7D5B17EDAA5A006391A3;
			remoteInfo = front;
		};
/* End PBXContainerItemProxy section */

/* Begin PBXFileReference section */
		051F9E061809FCB600289510 /* appSpeci.mm */ = {isa = PBXFileReference; fileEncoding = 4; lastKnownFileType = sourcecode.cpp.objcpp; path = appSpeci.mm; sourceTree = "<group>"; };
		059802FE18095BB1000E9157 /* ciph.h */ = {isa = PBXFileReference; fileEncoding = 4; lastKnownFileType = sourcecode.c.h; name = ciph.h; path = "../../cipher-shell/cipher-shell/ciph.h"; sourceTree = "<group>"; };
		0598030018095CE9000E9157 /* value.h */ = {isa = PBXFileReference; fileEncoding = 4; lastKnownFileType = sourcecode.c.h; name = value.h; path = "../../cipher-shell/cipher-shell/value.h"; sourceTree = "<group>"; };
		0598030218095D4C000E9157 /* list.cpp */ = {isa = PBXFileReference; fileEncoding = 4; lastKnownFileType = sourcecode.cpp.cpp; name = list.cpp; path = "../../cipher-shell/cipher-shell/list.cpp"; sourceTree = "<group>"; };
		0598030318095D4C000E9157 /* list.h */ = {isa = PBXFileReference; fileEncoding = 4; lastKnownFileType = sourcecode.c.h; name = list.h; path = "../../cipher-shell/cipher-shell/list.h"; sourceTree = "<group>"; };
		059803051809E89E000E9157 /* appSpeci.h */ = {isa = PBXFileReference; fileEncoding = 4; lastKnownFileType = sourcecode.c.h; path = appSpeci.h; sourceTree = "<group>"; };
		0598486217EE906F008EEB70 /* MyView.h */ = {isa = PBXFileReference; fileEncoding = 4; lastKnownFileType = sourcecode.c.h; path = MyView.h; sourceTree = "<group>"; };
		0598486317EE906F008EEB70 /* MyView.m */ = {isa = PBXFileReference; fileEncoding = 4; lastKnownFileType = sourcecode.c.objc; path = MyView.m; sourceTree = "<group>"; };
		05A21B7818109E5900F512A6 /* vector.cpp */ = {isa = PBXFileReference; fileEncoding = 4; lastKnownFileType = sourcecode.cpp.cpp; name = vector.cpp; path = "../../cipher-shell/cipher-shell/vector.cpp"; sourceTree = "<group>"; };
		05AD7D5C17EDAA5A006391A3 /* front.app */ = {isa = PBXFileReference; explicitFileType = wrapper.application; includeInIndex = 0; path = front.app; sourceTree = BUILT_PRODUCTS_DIR; };
		05AD7D5F17EDAA5A006391A3 /* Cocoa.framework */ = {isa = PBXFileReference; lastKnownFileType = wrapper.framework; name = Cocoa.framework; path = System/Library/Frameworks/Cocoa.framework; sourceTree = SDKROOT; };
		05AD7D6217EDAA5A006391A3 /* AppKit.framework */ = {isa = PBXFileReference; lastKnownFileType = wrapper.framework; name = AppKit.framework; path = System/Library/Frameworks/AppKit.framework; sourceTree = SDKROOT; };
		05AD7D6317EDAA5A006391A3 /* CoreData.framework */ = {isa = PBXFileReference; lastKnownFileType = wrapper.framework; name = CoreData.framework; path = System/Library/Frameworks/CoreData.framework; sourceTree = SDKROOT; };
		05AD7D6417EDAA5A006391A3 /* Foundation.framework */ = {isa = PBXFileReference; lastKnownFileType = wrapper.framework; name = Foundation.framework; path = System/Library/Frameworks/Foundation.framework; sourceTree = SDKROOT; };
		05AD7D6717EDAA5A006391A3 /* front-Info.plist */ = {isa = PBXFileReference; lastKnownFileType = text.plist.xml; path = "front-Info.plist"; sourceTree = "<group>"; };
		05AD7D6917EDAA5A006391A3 /* en */ = {isa = PBXFileReference; lastKnownFileType = text.plist.strings; name = en; path = en.lproj/InfoPlist.strings; sourceTree = "<group>"; };
		05AD7D6B17EDAA5A006391A3 /* main.m */ = {isa = PBXFileReference; lastKnownFileType = sourcecode.c.objc; path = main.m; sourceTree = "<group>"; };
		05AD7D6D17EDAA5A006391A3 /* front-Prefix.pch */ = {isa = PBXFileReference; lastKnownFileType = sourcecode.c.h; path = "front-Prefix.pch"; sourceTree = "<group>"; };
		05AD7D6F17EDAA5A006391A3 /* en */ = {isa = PBXFileReference; lastKnownFileType = text.rtf; name = en; path = en.lproj/Credits.rtf; sourceTree = "<group>"; };
		05AD7D7117EDAA5A006391A3 /* Document.h */ = {isa = PBXFileReference; lastKnownFileType = sourcecode.c.h; path = Document.h; sourceTree = "<group>"; };
		05AD7D7217EDAA5A006391A3 /* Document.m */ = {isa = PBXFileReference; lastKnownFileType = sourcecode.c.objc; path = Document.m; sourceTree = "<group>"; };
		05AD7D7517EDAA5A006391A3 /* Base */ = {isa = PBXFileReference; lastKnownFileType = file.xib; name = Base; path = Base.lproj/Document.xib; sourceTree = "<group>"; };
		05AD7D7817EDAA5A006391A3 /* Base */ = {isa = PBXFileReference; lastKnownFileType = file.xib; name = Base; path = Base.lproj/MainMenu.xib; sourceTree = "<group>"; };
		05AD7D7A17EDAA5A006391A3 /* Images.xcassets */ = {isa = PBXFileReference; lastKnownFileType = folder.assetcatalog; path = Images.xcassets; sourceTree = "<group>"; };
		05AD7D8017EDAA5A006391A3 /* frontTests.xctest */ = {isa = PBXFileReference; explicitFileType = wrapper.cfbundle; includeInIndex = 0; path = frontTests.xctest; sourceTree = BUILT_PRODUCTS_DIR; };
		05AD7D8117EDAA5A006391A3 /* XCTest.framework */ = {isa = PBXFileReference; lastKnownFileType = wrapper.framework; name = XCTest.framework; path = Library/Frameworks/XCTest.framework; sourceTree = DEVELOPER_DIR; };
		05AD7D8817EDAA5A006391A3 /* frontTests-Info.plist */ = {isa = PBXFileReference; lastKnownFileType = text.plist.xml; path = "frontTests-Info.plist"; sourceTree = "<group>"; };
		05AD7D8A17EDAA5A006391A3 /* en */ = {isa = PBXFileReference; lastKnownFileType = text.plist.strings; name = en; path = en.lproj/InfoPlist.strings; sourceTree = "<group>"; };
		05AD7D8C17EDAA5A006391A3 /* frontTests.m */ = {isa = PBXFileReference; lastKnownFileType = sourcecode.c.objc; path = frontTests.m; sourceTree = "<group>"; };
		05FF81C4180B7DF6002B4ACF /* value.cpp */ = {isa = PBXFileReference; fileEncoding = 4; lastKnownFileType = sourcecode.cpp.cpp; name = value.cpp; path = "../../cipher-shell/cipher-shell/value.cpp"; sourceTree = "<group>"; };
/* End PBXFileReference section */

/* Begin PBXFrameworksBuildPhase section */
		05AD7D5917EDAA5A006391A3 /* Frameworks */ = {
			isa = PBXFrameworksBuildPhase;
			buildActionMask = 2147483647;
			files = (
				05AD7D6017EDAA5A006391A3 /* Cocoa.framework in Frameworks */,
			);
			runOnlyForDeploymentPostprocessing = 0;
		};
		05AD7D7D17EDAA5A006391A3 /* Frameworks */ = {
			isa = PBXFrameworksBuildPhase;
			buildActionMask = 2147483647;
			files = (
				05AD7D8317EDAA5A006391A3 /* Cocoa.framework in Frameworks */,
				05AD7D8217EDAA5A006391A3 /* XCTest.framework in Frameworks */,
			);
			runOnlyForDeploymentPostprocessing = 0;
		};
/* End PBXFrameworksBuildPhase section */

/* Begin PBXGroup section */
		05AD7D5317EDAA5A006391A3 = {
			isa = PBXGroup;
			children = (
				05AD7D6517EDAA5A006391A3 /* front */,
				05AD7D8617EDAA5A006391A3 /* frontTests */,
				05AD7D5E17EDAA5A006391A3 /* Frameworks */,
				05AD7D5D17EDAA5A006391A3 /* Products */,
			);
			sourceTree = "<group>";
		};
		05AD7D5D17EDAA5A006391A3 /* Products */ = {
			isa = PBXGroup;
			children = (
				05AD7D5C17EDAA5A006391A3 /* front.app */,
				05AD7D8017EDAA5A006391A3 /* frontTests.xctest */,
			);
			name = Products;
			sourceTree = "<group>";
		};
		05AD7D5E17EDAA5A006391A3 /* Frameworks */ = {
			isa = PBXGroup;
			children = (
				05AD7D5F17EDAA5A006391A3 /* Cocoa.framework */,
				05AD7D8117EDAA5A006391A3 /* XCTest.framework */,
				05AD7D6117EDAA5A006391A3 /* Other Frameworks */,
			);
			name = Frameworks;
			sourceTree = "<group>";
		};
		05AD7D6117EDAA5A006391A3 /* Other Frameworks */ = {
			isa = PBXGroup;
			children = (
				05AD7D6217EDAA5A006391A3 /* AppKit.framework */,
				05AD7D6317EDAA5A006391A3 /* CoreData.framework */,
				05AD7D6417EDAA5A006391A3 /* Foundation.framework */,
			);
			name = "Other Frameworks";
			sourceTree = "<group>";
		};
		05AD7D6517EDAA5A006391A3 /* front */ = {
			isa = PBXGroup;
			children = (
				05AD7D7117EDAA5A006391A3 /* Document.h */,
				05AD7D7217EDAA5A006391A3 /* Document.m */,
				0598486217EE906F008EEB70 /* MyView.h */,
				0598486317EE906F008EEB70 /* MyView.m */,
				059802FE18095BB1000E9157 /* ciph.h */,
				059803051809E89E000E9157 /* appSpeci.h */,
				051F9E061809FCB600289510 /* appSpeci.mm */,
				0598030318095D4C000E9157 /* list.h */,
				0598030218095D4C000E9157 /* list.cpp */,
				0598030018095CE9000E9157 /* value.h */,
				05FF81C4180B7DF6002B4ACF /* value.cpp */,
				05A21B7818109E5900F512A6 /* vector.cpp */,
				05AD7D7417EDAA5A006391A3 /* Document.xib */,
				05AD7D7717EDAA5A006391A3 /* MainMenu.xib */,
				05AD7D7A17EDAA5A006391A3 /* Images.xcassets */,
				05AD7D6617EDAA5A006391A3 /* Supporting Files */,
			);
			path = front;
			sourceTree = "<group>";
		};
		05AD7D6617EDAA5A006391A3 /* Supporting Files */ = {
			isa = PBXGroup;
			children = (
				05AD7D6717EDAA5A006391A3 /* front-Info.plist */,
				05AD7D6817EDAA5A006391A3 /* InfoPlist.strings */,
				05AD7D6B17EDAA5A006391A3 /* main.m */,
				05AD7D6D17EDAA5A006391A3 /* front-Prefix.pch */,
				05AD7D6E17EDAA5A006391A3 /* Credits.rtf */,
			);
			name = "Supporting Files";
			sourceTree = "<group>";
		};
		05AD7D8617EDAA5A006391A3 /* frontTests */ = {
			isa = PBXGroup;
			children = (
				05AD7D8C17EDAA5A006391A3 /* frontTests.m */,
				05AD7D8717EDAA5A006391A3 /* Supporting Files */,
			);
			path = frontTests;
			sourceTree = "<group>";
		};
		05AD7D8717EDAA5A006391A3 /* Supporting Files */ = {
			isa = PBXGroup;
			children = (
				05AD7D8817EDAA5A006391A3 /* frontTests-Info.plist */,
				05AD7D8917EDAA5A006391A3 /* InfoPlist.strings */,
			);
			name = "Supporting Files";
			sourceTree = "<group>";
		};
/* End PBXGroup section */

/* Begin PBXNativeTarget section */
		05AD7D5B17EDAA5A006391A3 /* front */ = {
			isa = PBXNativeTarget;
			buildConfigurationList = 05AD7D9017EDAA5A006391A3 /* Build configuration list for PBXNativeTarget "front" */;
			buildPhases = (
				05AD7D5817EDAA5A006391A3 /* Sources */,
				05AD7D5917EDAA5A006391A3 /* Frameworks */,
				05AD7D5A17EDAA5A006391A3 /* Resources */,
			);
			buildRules = (
			);
			dependencies = (
			);
			name = front;
			productName = front;
			productReference = 05AD7D5C17EDAA5A006391A3 /* front.app */;
			productType = "com.apple.product-type.application";
		};
		05AD7D7F17EDAA5A006391A3 /* frontTests */ = {
			isa = PBXNativeTarget;
			buildConfigurationList = 05AD7D9317EDAA5A006391A3 /* Build configuration list for PBXNativeTarget "frontTests" */;
			buildPhases = (
				05AD7D7C17EDAA5A006391A3 /* Sources */,
				05AD7D7D17EDAA5A006391A3 /* Frameworks */,
				05AD7D7E17EDAA5A006391A3 /* Resources */,
			);
			buildRules = (
			);
			dependencies = (
				05AD7D8517EDAA5A006391A3 /* PBXTargetDependency */,
			);
			name = frontTests;
			productName = frontTests;
			productReference = 05AD7D8017EDAA5A006391A3 /* frontTests.xctest */;
			productType = "com.apple.product-type.bundle.unit-test";
		};
/* End PBXNativeTarget section */

/* Begin PBXProject section */
		05AD7D5417EDAA5A006391A3 /* Project object */ = {
			isa = PBXProject;
			attributes = {
				LastUpgradeCheck = 0500;
				ORGANIZATIONNAME = "最上嗣生";
				TargetAttributes = {
					05AD7D7F17EDAA5A006391A3 = {
						TestTargetID = 05AD7D5B17EDAA5A006391A3;
					};
				};
			};
			buildConfigurationList = 05AD7D5717EDAA5A006391A3 /* Build configuration list for PBXProject "front" */;
			compatibilityVersion = "Xcode 3.2";
			developmentRegion = English;
			hasScannedForEncodings = 0;
			knownRegions = (
				en,
				Base,
			);
			mainGroup = 05AD7D5317EDAA5A006391A3;
			productRefGroup = 05AD7D5D17EDAA5A006391A3 /* Products */;
			projectDirPath = "";
			projectRoot = "";
			targets = (
				05AD7D5B17EDAA5A006391A3 /* front */,
				05AD7D7F17EDAA5A006391A3 /* frontTests */,
			);
		};
/* End PBXProject section */

/* Begin PBXResourcesBuildPhase section */
		05AD7D5A17EDAA5A006391A3 /* Resources */ = {
			isa = PBXResourcesBuildPhase;
			buildActionMask = 2147483647;
			files = (
				05AD7D7617EDAA5A006391A3 /* Document.xib in Resources */,
				05AD7D7B17EDAA5A006391A3 /* Images.xcassets in Resources */,
				05AD7D6A17EDAA5A006391A3 /* InfoPlist.strings in Resources */,
				05AD7D7017EDAA5A006391A3 /* Credits.rtf in Resources */,
				05AD7D7917EDAA5A006391A3 /* MainMenu.xib in Resources */,
			);
			runOnlyForDeploymentPostprocessing = 0;
		};
		05AD7D7E17EDAA5A006391A3 /* Resources */ = {
			isa = PBXResourcesBuildPhase;
			buildActionMask = 2147483647;
			files = (
				05AD7D8B17EDAA5A006391A3 /* InfoPlist.strings in Resources */,
			);
			runOnlyForDeploymentPostprocessing = 0;
		};
/* End PBXResourcesBuildPhase section */

/* Begin PBXSourcesBuildPhase section */
		05AD7D5817EDAA5A006391A3 /* Sources */ = {
			isa = PBXSourcesBuildPhase;
			buildActionMask = 2147483647;
			files = (
				051F9E071809FCB600289510 /* appSpeci.mm in Sources */,
				05FF81C5180B7DF6002B4ACF /* value.cpp in Sources */,
				05AD7D7317EDAA5A006391A3 /* Document.m in Sources */,
				05AD7D6C17EDAA5A006391A3 /* main.m in Sources */,
				0598486417EE906F008EEB70 /* MyView.m in Sources */,
				0598030418095D4C000E9157 /* list.cpp in Sources */,
				05A21B7918109E5900F512A6 /* vector.cpp in Sources */,
			);
			runOnlyForDeploymentPostprocessing = 0;
		};
		05AD7D7C17EDAA5A006391A3 /* Sources */ = {
			isa = PBXSourcesBuildPhase;
			buildActionMask = 2147483647;
			files = (
				05AD7D8D17EDAA5A006391A3 /* frontTests.m in Sources */,
			);
			runOnlyForDeploymentPostprocessing = 0;
		};
/* End PBXSourcesBuildPhase section */

/* Begin PBXTargetDependency section */
		05AD7D8517EDAA5A006391A3 /* PBXTargetDependency */ = {
			isa = PBXTargetDependency;
			target = 05AD7D5B17EDAA5A006391A3 /* front */;
			targetProxy = 05AD7D8417EDAA5A006391A3 /* PBXContainerItemProxy */;
		};
/* End PBXTargetDependency section */

/* Begin PBXVariantGroup section */
		05AD7D6817EDAA5A006391A3 /* InfoPlist.strings */ = {
			isa = PBXVariantGroup;
			children = (
				05AD7D6917EDAA5A006391A3 /* en */,
			);
			name = InfoPlist.strings;
			sourceTree = "<group>";
		};
		05AD7D6E17EDAA5A006391A3 /* Credits.rtf */ = {
			isa = PBXVariantGroup;
			children = (
				05AD7D6F17EDAA5A006391A3 /* en */,
			);
			name = Credits.rtf;
			sourceTree = "<group>";
		};
		05AD7D7417EDAA5A006391A3 /* Document.xib */ = {
			isa = PBXVariantGroup;
			children = (
				05AD7D7517EDAA5A006391A3 /* Base */,
			);
			name = Document.xib;
			sourceTree = "<group>";
		};
		05AD7D7717EDAA5A006391A3 /* MainMenu.xib */ = {
			isa = PBXVariantGroup;
			children = (
				05AD7D7817EDAA5A006391A3 /* Base */,
			);
			name = MainMenu.xib;
			sourceTree = "<group>";
		};
		05AD7D8917EDAA5A006391A3 /* InfoPlist.strings */ = {
			isa = PBXVariantGroup;
			children = (
				05AD7D8A17EDAA5A006391A3 /* en */,
			);
			name = InfoPlist.strings;
			sourceTree = "<group>";
		};
/* End PBXVariantGroup section */

/* Begin XCBuildConfiguration section */
		05AD7D8E17EDAA5A006391A3 /* Debug */ = {
			isa = XCBuildConfiguration;
			buildSettings = {
				ALWAYS_SEARCH_USER_PATHS = NO;
				CLANG_CXX_LANGUAGE_STANDARD = "gnu++0x";
				CLANG_CXX_LIBRARY = "libc++";
				CLANG_ENABLE_OBJC_ARC = YES;
				CLANG_WARN_BOOL_CONVERSION = YES;
				CLANG_WARN_CONSTANT_CONVERSION = YES;
				CLANG_WARN_DIRECT_OBJC_ISA_USAGE = YES_ERROR;
				CLANG_WARN_EMPTY_BODY = YES;
				CLANG_WARN_ENUM_CONVERSION = YES;
				CLANG_WARN_INT_CONVERSION = YES;
				CLANG_WARN_OBJC_ROOT_CLASS = YES_ERROR;
				CLANG_WARN__DUPLICATE_METHOD_MATCH = YES;
				COPY_PHASE_STRIP = NO;
				GCC_C_LANGUAGE_STANDARD = gnu99;
				GCC_DYNAMIC_NO_PIC = NO;
				GCC_ENABLE_OBJC_EXCEPTIONS = YES;
				GCC_OPTIMIZATION_LEVEL = 0;
				GCC_PREPROCESSOR_DEFINITIONS = (
					"DEBUG=1",
					"$(inherited)",
				);
				GCC_SYMBOLS_PRIVATE_EXTERN = NO;
				GCC_WARN_64_TO_32_BIT_CONVERSION = YES;
				GCC_WARN_ABOUT_RETURN_TYPE = YES_ERROR;
				GCC_WARN_UNDECLARED_SELECTOR = YES;
				GCC_WARN_UNINITIALIZED_AUTOS = YES;
				GCC_WARN_UNUSED_FUNCTION = YES;
				GCC_WARN_UNUSED_VARIABLE = YES;
				MACOSX_DEPLOYMENT_TARGET = 10.8;
				ONLY_ACTIVE_ARCH = YES;
				SDKROOT = macosx;
			};
			name = Debug;
		};
		05AD7D8F17EDAA5A006391A3 /* Release */ = {
			isa = XCBuildConfiguration;
			buildSettings = {
				ALWAYS_SEARCH_USER_PATHS = NO;
				CLANG_CXX_LANGUAGE_STANDARD = "gnu++0x";
				CLANG_CXX_LIBRARY = "libc++";
				CLANG_ENABLE_OBJC_ARC = YES;
				CLANG_WARN_BOOL_CONVERSION = YES;
				CLANG_WARN_CONSTANT_CONVERSION = YES;
				CLANG_WARN_DIRECT_OBJC_ISA_USAGE = YES_ERROR;
				CLANG_WARN_EMPTY_BODY = YES;
				CLANG_WARN_ENUM_CONVERSION = YES;
				CLANG_WARN_INT_CONVERSION = YES;
				CLANG_WARN_OBJC_ROOT_CLASS = YES_ERROR;
				CLANG_WARN__DUPLICATE_METHOD_MATCH = YES;
				COPY_PHASE_STRIP = YES;
				DEBUG_INFORMATION_FORMAT = "dwarf-with-dsym";
				ENABLE_NS_ASSERTIONS = NO;
				GCC_C_LANGUAGE_STANDARD = gnu99;
				GCC_ENABLE_OBJC_EXCEPTIONS = YES;
				GCC_WARN_64_TO_32_BIT_CONVERSION = YES;
				GCC_WARN_ABOUT_RETURN_TYPE = YES_ERROR;
				GCC_WARN_UNDECLARED_SELECTOR = YES;
				GCC_WARN_UNINITIALIZED_AUTOS = YES;
				GCC_WARN_UNUSED_FUNCTION = YES;
				GCC_WARN_UNUSED_VARIABLE = YES;
				MACOSX_DEPLOYMENT_TARGET = 10.8;
				SDKROOT = macosx;
			};
			name = Release;
		};
		05AD7D9117EDAA5A006391A3 /* Debug */ = {
			isa = XCBuildConfiguration;
			buildSettings = {
				ASSETCATALOG_COMPILER_APPICON_NAME = AppIcon;
				COMBINE_HIDPI_IMAGES = YES;
				DEAD_CODE_STRIPPING = YES;
				GCC_PRECOMPILE_PREFIX_HEADER = YES;
				GCC_PREFIX_HEADER = "front/front-Prefix.pch";
				INFOPLIST_FILE = "front/front-Info.plist";
				PRODUCT_NAME = "$(TARGET_NAME)";
				WRAPPER_EXTENSION = app;
			};
			name = Debug;
		};
		05AD7D9217EDAA5A006391A3 /* Release */ = {
			isa = XCBuildConfiguration;
			buildSettings = {
				ASSETCATALOG_COMPILER_APPICON_NAME = AppIcon;
				COMBINE_HIDPI_IMAGES = YES;
				DEAD_CODE_STRIPPING = YES;
				GCC_PRECOMPILE_PREFIX_HEADER = YES;
				GCC_PREFIX_HEADER = "front/front-Prefix.pch";
				INFOPLIST_FILE = "front/front-Info.plist";
				PRODUCT_NAME = "$(TARGET_NAME)";
				WRAPPER_EXTENSION = app;
			};
			name = Release;
		};
		05AD7D9417EDAA5A006391A3 /* Debug */ = {
			isa = XCBuildConfiguration;
			buildSettings = {
				BUNDLE_LOADER = "$(BUILT_PRODUCTS_DIR)/front.app/Contents/MacOS/front";
				COMBINE_HIDPI_IMAGES = YES;
				FRAMEWORK_SEARCH_PATHS = (
					"$(DEVELOPER_FRAMEWORKS_DIR)",
					"$(inherited)",
				);
				GCC_PRECOMPILE_PREFIX_HEADER = YES;
				GCC_PREFIX_HEADER = "front/front-Prefix.pch";
				GCC_PREPROCESSOR_DEFINITIONS = (
					"DEBUG=1",
					"$(inherited)",
				);
				INFOPLIST_FILE = "frontTests/frontTests-Info.plist";
				PRODUCT_NAME = "$(TARGET_NAME)";
				TEST_HOST = "$(BUNDLE_LOADER)";
				WRAPPER_EXTENSION = xctest;
			};
			name = Debug;
		};
		05AD7D9517EDAA5A006391A3 /* Release */ = {
			isa = XCBuildConfiguration;
			buildSettings = {
				BUNDLE_LOADER = "$(BUILT_PRODUCTS_DIR)/front.app/Contents/MacOS/front";
				COMBINE_HIDPI_IMAGES = YES;
				FRAMEWORK_SEARCH_PATHS = (
					"$(DEVELOPER_FRAMEWORKS_DIR)",
					"$(inherited)",
				);
				GCC_PRECOMPILE_PREFIX_HEADER = YES;
				GCC_PREFIX_HEADER = "front/front-Prefix.pch";
				INFOPLIST_FILE = "frontTests/frontTests-Info.plist";
				PRODUCT_NAME = "$(TARGET_NAME)";
				TEST_HOST = "$(BUNDLE_LOADER)";
				WRAPPER_EXTENSION = xctest;
			};
			name = Release;
		};
/* End XCBuildConfiguration section */

/* Begin XCConfigurationList section */
		05AD7D5717EDAA5A006391A3 /* Build configuration list for PBXProject "front" */ = {
			isa = XCConfigurationList;
			buildConfigurations = (
				05AD7D8E17EDAA5A006391A3 /* Debug */,
				05AD7D8F17EDAA5A006391A3 /* Release */,
			);
			defaultConfigurationIsVisible = 0;
			defaultConfigurationName = Release;
		};
		05AD7D9017EDAA5A006391A3 /* Build configuration list for PBXNativeTarget "front" */ = {
			isa = XCConfigurationList;
			buildConfigurations = (
				05AD7D9117EDAA5A006391A3 /* Debug */,
				05AD7D9217EDAA5A006391A3 /* Release */,
			);
			defaultConfigurationIsVisible = 0;
			defaultConfigurationName = Release;
		};
		05AD7D9317EDAA5A006391A3 /* Build configuration list for PBXNativeTarget "frontTests" */ = {
			isa = XCConfigurationList;
			buildConfigurations = (
				05AD7D9417EDAA5A006391A3 /* Debug */,
				05AD7D9517EDAA5A006391A3 /* Release */,
			);
			defaultConfigurationIsVisible = 0;
			defaultConfigurationName = Release;
		};
/* End XCConfigurationList section */
	};
	rootObject = 05AD7D5417EDAA5A006391A3 /* Project object */;
}
